{
  "requires": true,
  "lockfileVersion": 1,
  "dependencies": {
    "extend-shallow": {
      "version": "2.0.1",
      "resolved": "http://registry.npm.taobao.org/extend-shallow/download/extend-shallow-2.0.1.tgz",
      "dependencies": {
        "is-extendable": {
          "version": "http://registry.npm.taobao.org/is-extendable/download/is-extendable-0.1.1.tgz",
          "bundled": true
        }
      }
    },
    "formidable": {
      "version": "1.2.1",
      "resolved": "http://registry.npm.taobao.org/formidable/download/formidable-1.2.1.tgz"
    },
    "koa-better-body": {
      "version": "3.0.4",
      "resolved": "http://registry.npm.taobao.org/koa-better-body/download/koa-better-body-3.0.4.tgz",
      "integrity": "sha1-3kn1ROTW4dmFj2xIgK7fK4rIh1k=",
      "requires": {
        "extend-shallow": "^2.0.1",
        "formidable": "^1.0.17",
        "koa-body-parsers": "https://github.com/tunnckoCore/body-parsers.git#master"
      }
    },
    "koa-body-parsers": {
      "version": "https://github.com/tunnckoCore/body-parsers.git#master",
      "from": "koa-body-parsers@git+https://github.com/tunnckoCore/body-parsers.git",
      "dependencies": {
        "raw-body": {
          "version": "http://registry.npm.taobao.org/raw-body/download/raw-body-2.3.3.tgz"
        }
      }
    }
  }
}
